
Microsoft Visual Studio Solution File, Format Version 12.00
# Visual Studio Version 17
VisualStudioVersion = 17.6.33723.286
MinimumVisualStudioVersion = 10.0.40219.1
Project("{FAE04EC0-301F-11D3-BF4B-00C04F79EFBC}") = "HelloMVC", "HelloMVC\HelloMVC.csproj", "{DC138346-C578-4A26-A306-927D685C5C7E}"
EndProject
Global
	GlobalSection(SolutionConfigurationPlatforms) = preSolution
		Debug|Any CPU = Debug|Any CPU
		Release|Any CPU = Release|Any CPU
	EndGlobalSection
	GlobalSection(ProjectConfigurationPlatforms) = postSolution
		{DC138346-C578-4A26-A306-927D685C5C7E}.Debug|Any CPU.ActiveCfg = Debug|Any CPU
		{DC138346-C578-4A26-A306-927D685C5C7E}.Debug|Any CPU.Build.0 = Debug|Any CPU
		{DC138346-C578-4A26-A306-927D685C5C7E}.Release|Any CPU.ActiveCfg = Release|Any CPU
		{DC138346-C578-4A26-A306-927D685C5C7E}.Release|Any CPU.Build.0 = Release|Any CPU
	EndGlobalSection
	GlobalSection(SolutionProperties) = preSolution
		HideSolutionNode = FALSE
	EndGlobalSection
	GlobalSection(ExtensibilityGlobals) = postSolution
		SolutionGuid = {3204A3D4-4385-4016-987D-5B78C24E9F99}
	EndGlobalSection
EndGlobal
